github.com/caarlos0/testfs v0.4.4 h1:3PHvzHi5Lt+g332CiShwS8ogTgS3HjrmzZxCm6JCDr8=
github.com/caarlos0/testfs v0.4.4/go.mod h1:bRN55zgG4XCUVVHZCeU+/Tz1Q6AxEJOEJTliBy+1DMk=
github.com/davecgh/go-spew v1.1.0/go.mod h1:J7Y8YcW2NihsgmVo/mv3lAwl/skON4iLHjSsI+c5H38=
github.com/davecgh/go-spew v1.1.1 h1:vj9j/u1bqnvCEfJOwUhtlOARqs3+rkHYY13jYWTU97c=
github.com/davecgh/go-spew v1.1.1/go.mod h1:J7Y8YcW2NihsgmVo/mv3lAwl/skON4iLHjSsI+c5H38=
github.com/gobwas/glob v0.2.3 h1:A4xDbljILXROh+kObIiy5kIaPYD8e96x1tgBhUI5J+Y=
github.com/gobwas/glob v0.2.3/go.mod h1:d3Ez4x06l9bZtSvzIay5+Yzi0fmZzPgnTbPcKjJAkT8=
github.com/goreleaser/fileglob v1.3.0 h1:/X6J7U8lbDpQtBvGcwwPS6OpzkNVlVEsFUVRx9+k+7I=
github.com/goreleaser/fileglob v1.3.0/go.mod h1:Jx6BoXv3mbYkEzwm9THo7xbr5egkAraxkGorbJb4RxU=
github.com/matryer/is v1.4.0 h1:sosSmIWwkYITGrxZ25ULNDeKiMNzFSr4V/eqBQP0PeE=
github.com/matryer/is v1.4.0/go.mod h1:8I/i5uYgLzgsgEloJE1U6xx5HkBQpAZvepWuujKwMRU=
github.com/pmezard/go-difflib v1.0.0 h1:4DBwDE0NGyQoBHbLQYPwSUPoCMWR5BEzIk/f1lZbAQM=
github.com/pmezard/go-difflib v1.0.0/go.mod h1:iKH77koFhYxTK1pcRnkKkqfTogsbg7gZNVY4sRDYZ/4=
github.com/stretchr/objx v0.1.0/go.mod h1:HFkY916IF+rwdDfMAkV7OtwuqBVzrE8GR6GFx+wExME=
github.com/stretchr/objx v0.4.0/go.mod h1:YvHI0jy2hoMjB+UWwv71VJQ9isScKT/TqJzVSSt89Yw=
github.com/stretchr/testify v1.7.1/go.mod h1:6Fq8oRcR53rry900zMqJjRRixrwX3KX962/h/Wwjteg=
github.com/stretchr/testify v1.7.5 h1:s5PTfem8p8EbKQOctVV53k6jCJt3UX4IEJzwh+C324Q=
github.com/stretchr/testify v1.7.5/go.mod h1:yNjHg4UonilssWZ8iaSj1OCr/vHnekPRkoO+kdMU+MU=
github.com/subosito/gotenv v1.4.2 h1:X1TuBLAMDFbaTAChgCBLu3DU3UPyELpnF2jjJ2cz/S8=
github.com/subosito/gotenv v1.4.2/go.mod h1:ayKnFf/c6rvx/2iiLrJUk1e6plDbT3edrFNGqEflhK0=
github.com/tekwizely/go-parsing/lexer v0.0.0-20190714043513-9514494dd58a/go.mod h1:M1+qLv1DBvWnJVqjBkbGN49/c78ZrS6Js2ZJ3J6gEnA=
github.com/tekwizely/go-parsing/lexer v0.0.0-20210910181107-ed69a13f4d15 h1:All3gqlRswSCOaeaQb8p7wMxdoK8w+z5T7CjWyiKq7o=
github.com/tekwizely/go-parsing/lexer v0.0.0-20210910181107-ed69a13f4d15/go.mod h1:M1+qLv1DBvWnJVqjBkbGN49/c78ZrS6Js2ZJ3J6gEnA=
github.com/tekwizely/go-parsing/lexer/token v0.0.0-20190714025745-8a1a69651c50/go.mod h1:hrGEp224LWZwYH1FrdvwQC2uMjZdX5MDsydAc5FnrXM=
github.com/tekwizely/go-parsing/lexer/token v0.0.0-20210910181107-ed69a13f4d15 h1:lf+8rI/3cB1BSIdGhycmKQgpTzQ6iywEtr2ofK3N2Ps=
github.com/tekwizely/go-parsing/lexer/token v0.0.0-20210910181107-ed69a13f4d15/go.mod h1:hrGEp224LWZwYH1FrdvwQC2uMjZdX5MDsydAc5FnrXM=
github.com/tekwizely/go-parsing/parser v0.0.0-20210910181107-ed69a13f4d15 h1:Eyefrt0lw1dgErIKTJgpHKwFpHNCe8u8LpSfni75wV4=
github.com/tekwizely/go-parsing/parser v0.0.0-20210910181107-ed69a13f4d15/go.mod h1:8HolNblTMzOKF+p5Fno0hLiAu2ykgl9Utsq036uEi8s=
gopkg.in/check.v1 v0.0.0-20161208181325-20d25e280405 h1:yhCVgyC4o1eVCa2tZl7eS0r+SDo693bJlVdllGtEeKM=
gopkg.in/check.v1 v0.0.0-20161208181325-20d25e280405/go.mod h1:Co6ibVJAznAaIkqp8huTwlJQCZ016jof/cbN4VW5Yz0=
gopkg.in/yaml.v3 v3.0.0-20200313102051-9f266ea9e77c/go.mod h1:K4uyk7z7BCEPqu6E+C64Yfv1cQ7kz7rIZviUmN+EgEM=
gopkg.in/yaml.v3 v3.0.1 h1:fxVm/GzAzEWqLHuvctI91KS9hhNmmWOoWu0XTYJS7CA=
gopkg.in/yaml.v3 v3.0.1/go.mod h1:K4uyk7z7BCEPqu6E+C64Yfv1cQ7kz7rIZviUmN+EgEM=
